
Microsoft Visual Studio Solution File, Format Version 12.00
# Visual Studio Version 17
VisualStudioVersion = 17.7.34202.233
MinimumVisualStudioVersion = 10.0.40219.1
Project("{FAE04EC0-301F-11D3-BF4B-00C04F79EFBC}") = "NesneHafta3", "NesneHafta3\NesneHafta3.csproj", "{C778FFA1-F23B-4694-BAD6-2B16E4C09A5B}"
EndProject
Global
	GlobalSection(SolutionConfigurationPlatforms) = preSolution
		Debug|Any CPU = Debug|Any CPU
		Release|Any CPU = Release|Any CPU
	EndGlobalSection
	GlobalSection(ProjectConfigurationPlatforms) = postSolution
		{C778FFA1-F23B-4694-BAD6-2B16E4C09A5B}.Debug|Any CPU.ActiveCfg = Debug|Any CPU
		{C778FFA1-F23B-4694-BAD6-2B16E4C09A5B}.Debug|Any CPU.Build.0 = Debug|Any CPU
		{C778FFA1-F23B-4694-BAD6-2B16E4C09A5B}.Release|Any CPU.ActiveCfg = Release|Any CPU
		{C778FFA1-F23B-4694-BAD6-2B16E4C09A5B}.Release|Any CPU.Build.0 = Release|Any CPU
	EndGlobalSection
	GlobalSection(SolutionProperties) = preSolution
		HideSolutionNode = FALSE
	EndGlobalSection
	GlobalSection(ExtensibilityGlobals) = postSolution
		SolutionGuid = {95006E32-D900-4FF0-A0F4-A9EE62E1DB4F}
	EndGlobalSection
EndGlobal
